
Microsoft Visual Studio Solution File, Format Version 12.00
# Visual Studio Version 16
VisualStudioVersion = 16.0.30011.22
MinimumVisualStudioVersion = 15.0.26124.0
Project("{2150E333-8FDC-42A3-9474-1A3956D46DE8}") = "src", "src", "{9519FDFA-F171-46E8-8859-3A82B4E1DCAB}"
EndProject
Project("{2150E333-8FDC-42A3-9474-1A3956D46DE8}") = "test", "test", "{B7FD7608-AD52-4788-821B-237D5C0C14A5}"
EndProject
Project("{2150E333-8FDC-42A3-9474-1A3956D46DE8}") = "User Interfaces", "User Interfaces", "{45B0D3E6-484A-42F2-8964-CAD7C501B7F5}"
EndProject
Project("{2150E333-8FDC-42A3-9474-1A3956D46DE8}") = "Interface Adapters", "Interface Adapters", "{359B12A9-28D8-4B69-BBA0-03B42EC4626B}"
EndProject
Project("{2150E333-8FDC-42A3-9474-1A3956D46DE8}") = "Application Business Rules", "Application Business Rules", "{3486BCDD-D5AB-4A95-BF92-F3CB6947D1DA}"
EndProject
Project("{2150E333-8FDC-42A3-9474-1A3956D46DE8}") = "Enterprise Busuness Tules", "Enterprise Busuness Tules", "{0350B8A8-B109-42D7-8508-7C1D6241FA4B}"
EndProject
Project("{2150E333-8FDC-42A3-9474-1A3956D46DE8}") = "Integration Tests", "Integration Tests", "{A241A8B3-6DBD-407F-8BE8-5DB33A3474CE}"
EndProject
Project("{2150E333-8FDC-42A3-9474-1A3956D46DE8}") = "Unit Tests", "Unit Tests", "{BF8344A4-729E-45F0-9D1C-65B45B55AE57}"
EndProject
Project("{FAE04EC0-301F-11D3-BF4B-00C04F79EFBC}") = "Features.Tests", "test\Features.Tests\Features.Tests.csproj", "{4C008C91-4C6F-40DE-A4A6-C285F11AA701}"
EndProject
Project("{FAE04EC0-301F-11D3-BF4B-00C04F79EFBC}") = "Entities.Tests", "test\Entities.Tests\Entities.Tests.csproj", "{977E7201-5D76-4EC8-9535-AA9E8C4078AA}"
EndProject
Project("{FAE04EC0-301F-11D3-BF4B-00C04F79EFBC}") = "Respositories.Tests", "test\Respositories.Tests\Respositories.Tests.csproj", "{65041C88-B072-4580-832F-AB76A0CA5A8D}"
EndProject
Project("{FAE04EC0-301F-11D3-BF4B-00C04F79EFBC}") = "Controllers.Tests", "test\Controllers.Tests\Controllers.Tests.csproj", "{EA9D4F17-FD38-4DB9-9891-7457FB18D4F4}"
EndProject
Project("{FAE04EC0-301F-11D3-BF4B-00C04F79EFBC}") = "Entities", "src\Entities\Entities.csproj", "{7ED2ADE1-CBBE-49FA-8B4A-54DF356BFEB1}"
EndProject
Global
	GlobalSection(SolutionConfigurationPlatforms) = preSolution
		Debug|Any CPU = Debug|Any CPU
		Release|Any CPU = Release|Any CPU
	EndGlobalSection
	GlobalSection(ProjectConfigurationPlatforms) = postSolution
		{4C008C91-4C6F-40DE-A4A6-C285F11AA701}.Debug|Any CPU.ActiveCfg = Debug|Any CPU
		{4C008C91-4C6F-40DE-A4A6-C285F11AA701}.Debug|Any CPU.Build.0 = Debug|Any CPU
		{4C008C91-4C6F-40DE-A4A6-C285F11AA701}.Release|Any CPU.ActiveCfg = Release|Any CPU
		{4C008C91-4C6F-40DE-A4A6-C285F11AA701}.Release|Any CPU.Build.0 = Release|Any CPU
		{977E7201-5D76-4EC8-9535-AA9E8C4078AA}.Debug|Any CPU.ActiveCfg = Debug|Any CPU
		{977E7201-5D76-4EC8-9535-AA9E8C4078AA}.Debug|Any CPU.Build.0 = Debug|Any CPU
		{977E7201-5D76-4EC8-9535-AA9E8C4078AA}.Release|Any CPU.ActiveCfg = Release|Any CPU
		{977E7201-5D76-4EC8-9535-AA9E8C4078AA}.Release|Any CPU.Build.0 = Release|Any CPU
		{65041C88-B072-4580-832F-AB76A0CA5A8D}.Debug|Any CPU.ActiveCfg = Debug|Any CPU
		{65041C88-B072-4580-832F-AB76A0CA5A8D}.Debug|Any CPU.Build.0 = Debug|Any CPU
		{65041C88-B072-4580-832F-AB76A0CA5A8D}.Release|Any CPU.ActiveCfg = Release|Any CPU
		{65041C88-B072-4580-832F-AB76A0CA5A8D}.Release|Any CPU.Build.0 = Release|Any CPU
		{EA9D4F17-FD38-4DB9-9891-7457FB18D4F4}.Debug|Any CPU.ActiveCfg = Debug|Any CPU
		{EA9D4F17-FD38-4DB9-9891-7457FB18D4F4}.Debug|Any CPU.Build.0 = Debug|Any CPU
		{EA9D4F17-FD38-4DB9-9891-7457FB18D4F4}.Release|Any CPU.ActiveCfg = Release|Any CPU
		{EA9D4F17-FD38-4DB9-9891-7457FB18D4F4}.Release|Any CPU.Build.0 = Release|Any CPU
		{7ED2ADE1-CBBE-49FA-8B4A-54DF356BFEB1}.Debug|Any CPU.ActiveCfg = Debug|Any CPU
		{7ED2ADE1-CBBE-49FA-8B4A-54DF356BFEB1}.Debug|Any CPU.Build.0 = Debug|Any CPU
		{7ED2ADE1-CBBE-49FA-8B4A-54DF356BFEB1}.Release|Any CPU.ActiveCfg = Release|Any CPU
		{7ED2ADE1-CBBE-49FA-8B4A-54DF356BFEB1}.Release|Any CPU.Build.0 = Release|Any CPU
	EndGlobalSection
	GlobalSection(SolutionProperties) = preSolution
		HideSolutionNode = FALSE
	EndGlobalSection
	GlobalSection(NestedProjects) = preSolution
		{45B0D3E6-484A-42F2-8964-CAD7C501B7F5} = {9519FDFA-F171-46E8-8859-3A82B4E1DCAB}
		{359B12A9-28D8-4B69-BBA0-03B42EC4626B} = {9519FDFA-F171-46E8-8859-3A82B4E1DCAB}
		{3486BCDD-D5AB-4A95-BF92-F3CB6947D1DA} = {9519FDFA-F171-46E8-8859-3A82B4E1DCAB}
		{0350B8A8-B109-42D7-8508-7C1D6241FA4B} = {9519FDFA-F171-46E8-8859-3A82B4E1DCAB}
		{A241A8B3-6DBD-407F-8BE8-5DB33A3474CE} = {B7FD7608-AD52-4788-821B-237D5C0C14A5}
		{BF8344A4-729E-45F0-9D1C-65B45B55AE57} = {B7FD7608-AD52-4788-821B-237D5C0C14A5}
		{4C008C91-4C6F-40DE-A4A6-C285F11AA701} = {BF8344A4-729E-45F0-9D1C-65B45B55AE57}
		{977E7201-5D76-4EC8-9535-AA9E8C4078AA} = {BF8344A4-729E-45F0-9D1C-65B45B55AE57}
		{65041C88-B072-4580-832F-AB76A0CA5A8D} = {BF8344A4-729E-45F0-9D1C-65B45B55AE57}
		{EA9D4F17-FD38-4DB9-9891-7457FB18D4F4} = {BF8344A4-729E-45F0-9D1C-65B45B55AE57}
		{7ED2ADE1-CBBE-49FA-8B4A-54DF356BFEB1} = {0350B8A8-B109-42D7-8508-7C1D6241FA4B}
	EndGlobalSection
	GlobalSection(ExtensibilityGlobals) = postSolution
		SolutionGuid = {55035EB7-FE1B-4775-8DE2-E63DC158236B}
	EndGlobalSection
EndGlobal
