
Microsoft Visual Studio Solution File, Format Version 12.00
# Visual Studio Version 16
VisualStudioVersion = 16.0.30011.22
MinimumVisualStudioVersion = 15.0.26124.0
Project("{2150E333-8FDC-42A3-9474-1A3956D46DE8}") = "Src", "Src", "{9519FDFA-F171-46E8-8859-3A82B4E1DCAB}"
EndProject
Project("{2150E333-8FDC-42A3-9474-1A3956D46DE8}") = "Test", "Test", "{B7FD7608-AD52-4788-821B-237D5C0C14A5}"
EndProject
Project("{2150E333-8FDC-42A3-9474-1A3956D46DE8}") = "Solution Items", "Solution Items", "{764B50AD-D700-4F5C-9E2B-700BE3A5AE0A}"
	ProjectSection(SolutionItems) = preProject
		.gitignore = .gitignore
		README.md = README.md
	EndProjectSection
EndProject
Project("{2150E333-8FDC-42A3-9474-1A3956D46DE8}") = "Docs", "Docs", "{85C5B9D1-F892-4F96-B3B7-B072365B903D}"
	ProjectSection(SolutionItems) = preProject
		docs\README.md = docs\README.md
	EndProjectSection
EndProject
Project("{2150E333-8FDC-42A3-9474-1A3956D46DE8}") = "DevOps", "DevOps", "{4ECF0046-61EA-4882-802A-26826FEA7F37}"
EndProject
Project("{2150E333-8FDC-42A3-9474-1A3956D46DE8}") = "1. Enterprise Business Rules", "1. Enterprise Business Rules", "{41BB517C-03EE-4F0C-B98B-B4274FAAEF58}"
EndProject
Project("{2150E333-8FDC-42A3-9474-1A3956D46DE8}") = "1. Unit", "1. Unit", "{F76CC699-7623-40C1-A3BB-036203C2B293}"
EndProject
Project("{9A19103F-16F7-4668-BE54-9A1E7A4F7556}") = "Entities", "src\Entities\Entities.csproj", "{54A309E1-3D85-44E3-8D06-ED36173EC2EC}"
EndProject
Project("{2150E333-8FDC-42A3-9474-1A3956D46DE8}") = "2. Application Business Rules", "2. Application Business Rules", "{883D9E3E-8BB2-45EB-B364-AA89A8A3289C}"
EndProject
Project("{FAE04EC0-301F-11D3-BF4B-00C04F79EFBC}") = "Usecases", "src\Usecases\Usecases.csproj", "{FA3FC008-F9D0-4466-9D19-606080505183}"
EndProject
Project("{FAE04EC0-301F-11D3-BF4B-00C04F79EFBC}") = "Usecases.UnitTests", "test\Usecases.UnitTests\Usecases.UnitTests.csproj", "{E3E75568-A0AF-4B8D-A9CA-82A529A1B199}"
EndProject
Project("{2150E333-8FDC-42A3-9474-1A3956D46DE8}") = "3. Interface Adapters", "3. Interface Adapters", "{63549F3B-F2E5-4AF9-8E38-D6D306588FCD}"
EndProject
Project("{FAE04EC0-301F-11D3-BF4B-00C04F79EFBC}") = "Gateways", "src\Gateways\Gateways.csproj", "{2EF3E5AA-9E8C-4719-B7BF-3EFD0984560F}"
EndProject
Project("{2150E333-8FDC-42A3-9474-1A3956D46DE8}") = "4. User Interfaces", "4. User Interfaces", "{FAD6D7C3-CB75-47B8-84C9-CA58A7C65314}"
EndProject
Project("{FAE04EC0-301F-11D3-BF4B-00C04F79EFBC}") = "Controllers", "src\Controllers\Controllers.csproj", "{D1C88D38-DA76-46F3-9229-D39C6DEDD806}"
EndProject
Project("{FAE04EC0-301F-11D3-BF4B-00C04F79EFBC}") = "Controllers.UnitTests", "test\Controllers.UnitTests\Controllers.UnitTests.csproj", "{EB644B3B-7322-43CD-93DC-28BCE9783DBE}"
EndProject
Project("{FAE04EC0-301F-11D3-BF4B-00C04F79EFBC}") = "WebApplication", "src\WebApplication\WebApplication.csproj", "{9EB488A4-7588-4E46-9E28-8AC7E6DAC5E7}"
EndProject
Global
	GlobalSection(SolutionConfigurationPlatforms) = preSolution
		Debug|Any CPU = Debug|Any CPU
		Release|Any CPU = Release|Any CPU
	EndGlobalSection
	GlobalSection(ProjectConfigurationPlatforms) = postSolution
		{54A309E1-3D85-44E3-8D06-ED36173EC2EC}.Debug|Any CPU.ActiveCfg = Debug|Any CPU
		{54A309E1-3D85-44E3-8D06-ED36173EC2EC}.Debug|Any CPU.Build.0 = Debug|Any CPU
		{54A309E1-3D85-44E3-8D06-ED36173EC2EC}.Release|Any CPU.ActiveCfg = Release|Any CPU
		{54A309E1-3D85-44E3-8D06-ED36173EC2EC}.Release|Any CPU.Build.0 = Release|Any CPU
		{FA3FC008-F9D0-4466-9D19-606080505183}.Debug|Any CPU.ActiveCfg = Debug|Any CPU
		{FA3FC008-F9D0-4466-9D19-606080505183}.Debug|Any CPU.Build.0 = Debug|Any CPU
		{FA3FC008-F9D0-4466-9D19-606080505183}.Release|Any CPU.ActiveCfg = Release|Any CPU
		{FA3FC008-F9D0-4466-9D19-606080505183}.Release|Any CPU.Build.0 = Release|Any CPU
		{E3E75568-A0AF-4B8D-A9CA-82A529A1B199}.Debug|Any CPU.ActiveCfg = Debug|Any CPU
		{E3E75568-A0AF-4B8D-A9CA-82A529A1B199}.Debug|Any CPU.Build.0 = Debug|Any CPU
		{E3E75568-A0AF-4B8D-A9CA-82A529A1B199}.Release|Any CPU.ActiveCfg = Release|Any CPU
		{E3E75568-A0AF-4B8D-A9CA-82A529A1B199}.Release|Any CPU.Build.0 = Release|Any CPU
		{2EF3E5AA-9E8C-4719-B7BF-3EFD0984560F}.Debug|Any CPU.ActiveCfg = Debug|Any CPU
		{2EF3E5AA-9E8C-4719-B7BF-3EFD0984560F}.Debug|Any CPU.Build.0 = Debug|Any CPU
		{2EF3E5AA-9E8C-4719-B7BF-3EFD0984560F}.Release|Any CPU.ActiveCfg = Release|Any CPU
		{2EF3E5AA-9E8C-4719-B7BF-3EFD0984560F}.Release|Any CPU.Build.0 = Release|Any CPU
		{D1C88D38-DA76-46F3-9229-D39C6DEDD806}.Debug|Any CPU.ActiveCfg = Debug|Any CPU
		{D1C88D38-DA76-46F3-9229-D39C6DEDD806}.Debug|Any CPU.Build.0 = Debug|Any CPU
		{D1C88D38-DA76-46F3-9229-D39C6DEDD806}.Release|Any CPU.ActiveCfg = Release|Any CPU
		{D1C88D38-DA76-46F3-9229-D39C6DEDD806}.Release|Any CPU.Build.0 = Release|Any CPU
		{EB644B3B-7322-43CD-93DC-28BCE9783DBE}.Debug|Any CPU.ActiveCfg = Debug|Any CPU
		{EB644B3B-7322-43CD-93DC-28BCE9783DBE}.Debug|Any CPU.Build.0 = Debug|Any CPU
		{EB644B3B-7322-43CD-93DC-28BCE9783DBE}.Release|Any CPU.ActiveCfg = Release|Any CPU
		{EB644B3B-7322-43CD-93DC-28BCE9783DBE}.Release|Any CPU.Build.0 = Release|Any CPU
		{9EB488A4-7588-4E46-9E28-8AC7E6DAC5E7}.Debug|Any CPU.ActiveCfg = Debug|Any CPU
		{9EB488A4-7588-4E46-9E28-8AC7E6DAC5E7}.Debug|Any CPU.Build.0 = Debug|Any CPU
		{9EB488A4-7588-4E46-9E28-8AC7E6DAC5E7}.Release|Any CPU.ActiveCfg = Release|Any CPU
		{9EB488A4-7588-4E46-9E28-8AC7E6DAC5E7}.Release|Any CPU.Build.0 = Release|Any CPU
	EndGlobalSection
	GlobalSection(SolutionProperties) = preSolution
		HideSolutionNode = FALSE
	EndGlobalSection
	GlobalSection(NestedProjects) = preSolution
		{41BB517C-03EE-4F0C-B98B-B4274FAAEF58} = {9519FDFA-F171-46E8-8859-3A82B4E1DCAB}
		{F76CC699-7623-40C1-A3BB-036203C2B293} = {B7FD7608-AD52-4788-821B-237D5C0C14A5}
		{54A309E1-3D85-44E3-8D06-ED36173EC2EC} = {41BB517C-03EE-4F0C-B98B-B4274FAAEF58}
		{883D9E3E-8BB2-45EB-B364-AA89A8A3289C} = {9519FDFA-F171-46E8-8859-3A82B4E1DCAB}
		{FA3FC008-F9D0-4466-9D19-606080505183} = {883D9E3E-8BB2-45EB-B364-AA89A8A3289C}
		{E3E75568-A0AF-4B8D-A9CA-82A529A1B199} = {F76CC699-7623-40C1-A3BB-036203C2B293}
		{63549F3B-F2E5-4AF9-8E38-D6D306588FCD} = {9519FDFA-F171-46E8-8859-3A82B4E1DCAB}
		{2EF3E5AA-9E8C-4719-B7BF-3EFD0984560F} = {63549F3B-F2E5-4AF9-8E38-D6D306588FCD}
		{FAD6D7C3-CB75-47B8-84C9-CA58A7C65314} = {9519FDFA-F171-46E8-8859-3A82B4E1DCAB}
		{D1C88D38-DA76-46F3-9229-D39C6DEDD806} = {63549F3B-F2E5-4AF9-8E38-D6D306588FCD}
		{EB644B3B-7322-43CD-93DC-28BCE9783DBE} = {F76CC699-7623-40C1-A3BB-036203C2B293}
		{9EB488A4-7588-4E46-9E28-8AC7E6DAC5E7} = {FAD6D7C3-CB75-47B8-84C9-CA58A7C65314}
	EndGlobalSection
	GlobalSection(ExtensibilityGlobals) = postSolution
		SolutionGuid = {55035EB7-FE1B-4775-8DE2-E63DC158236B}
	EndGlobalSection
EndGlobal
